<Solution>
  <Project Path="MorseCode.Mvvm/MorseCode.Mvvm.csproj" />
  <Project Path="MorseCode.Mvvm.Tests/MorseCode.Mvvm.Tests.csproj" />
  <Project Path="MorseCode.StagedConstruction/MorseCode.StagedConstruction.csproj" />
  <Project Path="MorseCode.StagedConstruction.Tests/MorseCode.StagedConstruction.Tests.csproj" />
  <Project Path="MorseCode.Toolkit.Avalonia.Controls/MorseCode.Toolkit.Avalonia.Controls.csproj" />
  <Project Path="MorseCode.Toolkit.Avalonia.Controls.Tests/MorseCode.Toolkit.Avalonia.Controls.Tests.csproj" />
</Solution>
